// !$*UTF8*$!
{
	archiveVersion = 1;
	classes = {
	};
	objectVersion = 46;
	objects = {

/* Begin PBXBuildFile section */
		6A6595FF223AA40A0032D811 /* WebKit.framework in Frameworks */ = {isa = PBXBuildFile; fileRef = 6A6595FD223AA40A0032D811 /* WebKit.framework */; };
		6A659600223AA40A0032D811 /* libxml2.2.tbd in Frameworks */ = {isa = PBXBuildFile; fileRef = 6A6595FE223AA40A0032D811 /* libxml2.2.tbd */; };
		6A65960D223AA53E0032D811 /* AerServCustomEventInterstitial.m in Sources */ = {isa = PBXBuildFile; fileRef = 6A659602223AA53E0032D811 /* AerServCustomEventInterstitial.m */; };
		6A65960E223AA53E0032D811 /* AerServCustomEventRewardedInterstitial.m in Sources */ = {isa = PBXBuildFile; fileRef = 6A659603223AA53E0032D811 /* AerServCustomEventRewardedInterstitial.m */; };
		6A65960F223AA53E0032D811 /* AerServUtils.m in Sources */ = {isa = PBXBuildFile; fileRef = 6A659604223AA53E0032D811 /* AerServUtils.m */; };
		6A659610223AA53E0032D811 /* AerServExceptions.m in Sources */ = {isa = PBXBuildFile; fileRef = 6A659606223AA53E0032D811 /* AerServExceptions.m */; };
		6A659611223AA53E0032D811 /* AerServExtras.m in Sources */ = {isa = PBXBuildFile; fileRef = 6A659607223AA53E0032D811 /* AerServExtras.m */; };
		6A659612223AA53E0032D811 /* AerServCustomEventBanner.m in Sources */ = {isa = PBXBuildFile; fileRef = 6A659609223AA53E0032D811 /* AerServCustomEventBanner.m */; };
		C1AE11D5D7FAFF13758B0774 /* libPods-BannerExample.a in Frameworks */ = {isa = PBXBuildFile; fileRef = 3033AE82C3A4B3603DABB248 /* libPods-BannerExample.a */; };
		CF86EE1D19787E6B00411520 /* main.m in Sources */ = {isa = PBXBuildFile; fileRef = CF86EE1C19787E6B00411520 /* main.m */; };
		CF86EE2019787E6B00411520 /* AppDelegate.m in Sources */ = {isa = PBXBuildFile; fileRef = CF86EE1F19787E6B00411520 /* AppDelegate.m */; };
		CF86EE2319787E6B00411520 /* ViewController.m in Sources */ = {isa = PBXBuildFile; fileRef = CF86EE2219787E6B00411520 /* ViewController.m */; };
		CF86EE2619787E6B00411520 /* Main.storyboard in Resources */ = {isa = PBXBuildFile; fileRef = CF86EE2419787E6B00411520 /* Main.storyboard */; };
		CF86EE2819787E6B00411520 /* Images.xcassets in Resources */ = {isa = PBXBuildFile; fileRef = CF86EE2719787E6B00411520 /* Images.xcassets */; };
/* End PBXBuildFile section */

/* Begin PBXFileReference section */
		28A21002D1CA183CD19BEA6E /* Pods-BannerExample.debug.xcconfig */ = {isa = PBXFileReference; includeInIndex = 1; lastKnownFileType = text.xcconfig; name = "Pods-BannerExample.debug.xcconfig"; path = "Pods/Target Support Files/Pods-BannerExample/Pods-BannerExample.debug.xcconfig"; sourceTree = "<group>"; };
		3033AE82C3A4B3603DABB248 /* libPods-BannerExample.a */ = {isa = PBXFileReference; explicitFileType = archive.ar; includeInIndex = 0; path = "libPods-BannerExample.a"; sourceTree = BUILT_PRODUCTS_DIR; };
		6A6595FD223AA40A0032D811 /* WebKit.framework */ = {isa = PBXFileReference; lastKnownFileType = wrapper.framework; name = WebKit.framework; path = System/Library/Frameworks/WebKit.framework; sourceTree = SDKROOT; };
		6A6595FE223AA40A0032D811 /* libxml2.2.tbd */ = {isa = PBXFileReference; lastKnownFileType = "sourcecode.text-based-dylib-definition"; name = libxml2.2.tbd; path = usr/lib/libxml2.2.tbd; sourceTree = SDKROOT; };
		6A659601223AA53E0032D811 /* AerServCustomEventBanner.h */ = {isa = PBXFileReference; fileEncoding = 4; lastKnownFileType = sourcecode.c.h; path = AerServCustomEventBanner.h; sourceTree = "<group>"; };
		6A659602223AA53E0032D811 /* AerServCustomEventInterstitial.m */ = {isa = PBXFileReference; fileEncoding = 4; lastKnownFileType = sourcecode.c.objc; path = AerServCustomEventInterstitial.m; sourceTree = "<group>"; };
		6A659603223AA53E0032D811 /* AerServCustomEventRewardedInterstitial.m */ = {isa = PBXFileReference; fileEncoding = 4; lastKnownFileType = sourcecode.c.objc; path = AerServCustomEventRewardedInterstitial.m; sourceTree = "<group>"; };
		6A659604223AA53E0032D811 /* AerServUtils.m */ = {isa = PBXFileReference; fileEncoding = 4; lastKnownFileType = sourcecode.c.objc; path = AerServUtils.m; sourceTree = "<group>"; };
		6A659605223AA53E0032D811 /* AerServCustomEventInterstitial.h */ = {isa = PBXFileReference; fileEncoding = 4; lastKnownFileType = sourcecode.c.h; path = AerServCustomEventInterstitial.h; sourceTree = "<group>"; };
		6A659606223AA53E0032D811 /* AerServExceptions.m */ = {isa = PBXFileReference; fileEncoding = 4; lastKnownFileType = sourcecode.c.objc; path = AerServExceptions.m; sourceTree = "<group>"; };
		6A659607223AA53E0032D811 /* AerServExtras.m */ = {isa = PBXFileReference; fileEncoding = 4; lastKnownFileType = sourcecode.c.objc; path = AerServExtras.m; sourceTree = "<group>"; };
		6A659608223AA53E0032D811 /* AerServExtras.h */ = {isa = PBXFileReference; fileEncoding = 4; lastKnownFileType = sourcecode.c.h; path = AerServExtras.h; sourceTree = "<group>"; };
		6A659609223AA53E0032D811 /* AerServCustomEventBanner.m */ = {isa = PBXFileReference; fileEncoding = 4; lastKnownFileType = sourcecode.c.objc; path = AerServCustomEventBanner.m; sourceTree = "<group>"; };
		6A65960A223AA53E0032D811 /* AerServExceptions.h */ = {isa = PBXFileReference; fileEncoding = 4; lastKnownFileType = sourcecode.c.h; path = AerServExceptions.h; sourceTree = "<group>"; };
		6A65960B223AA53E0032D811 /* AerServUtils.h */ = {isa = PBXFileReference; fileEncoding = 4; lastKnownFileType = sourcecode.c.h; path = AerServUtils.h; sourceTree = "<group>"; };
		6A65960C223AA53E0032D811 /* AerServCustomEventRewardedInterstitial.h */ = {isa = PBXFileReference; fileEncoding = 4; lastKnownFileType = sourcecode.c.h; path = AerServCustomEventRewardedInterstitial.h; sourceTree = "<group>"; };
		B3D19C1D56C3FBB8D9582868 /* Pods-BannerExample.release.xcconfig */ = {isa = PBXFileReference; includeInIndex = 1; lastKnownFileType = text.xcconfig; name = "Pods-BannerExample.release.xcconfig"; path = "Pods/Target Support Files/Pods-BannerExample/Pods-BannerExample.release.xcconfig"; sourceTree = "<group>"; };
		CF86EE1719787E6B00411520 /* BannerExample.app */ = {isa = PBXFileReference; explicitFileType = wrapper.application; includeInIndex = 0; path = BannerExample.app; sourceTree = BUILT_PRODUCTS_DIR; };
		CF86EE1B19787E6B00411520 /* Info.plist */ = {isa = PBXFileReference; lastKnownFileType = text.plist.xml; path = Info.plist; sourceTree = "<group>"; };
		CF86EE1C19787E6B00411520 /* main.m */ = {isa = PBXFileReference; lastKnownFileType = sourcecode.c.objc; path = main.m; sourceTree = "<group>"; };
		CF86EE1E19787E6B00411520 /* AppDelegate.h */ = {isa = PBXFileReference; lastKnownFileType = sourcecode.c.h; path = AppDelegate.h; sourceTree = "<group>"; };
		CF86EE1F19787E6B00411520 /* AppDelegate.m */ = {isa = PBXFileReference; lastKnownFileType = sourcecode.c.objc; path = AppDelegate.m; sourceTree = "<group>"; };
		CF86EE2119787E6B00411520 /* ViewController.h */ = {isa = PBXFileReference; lastKnownFileType = sourcecode.c.h; path = ViewController.h; sourceTree = "<group>"; };
		CF86EE2219787E6B00411520 /* ViewController.m */ = {isa = PBXFileReference; lastKnownFileType = sourcecode.c.objc; path = ViewController.m; sourceTree = "<group>"; };
		CF86EE2519787E6B00411520 /* Base */ = {isa = PBXFileReference; lastKnownFileType = file.storyboard; name = Base; path = Base.lproj/Main.storyboard; sourceTree = "<group>"; };
		CF86EE2719787E6B00411520 /* Images.xcassets */ = {isa = PBXFileReference; lastKnownFileType = folder.assetcatalog; path = Images.xcassets; sourceTree = "<group>"; };
/* End PBXFileReference section */

/* Begin PBXFrameworksBuildPhase section */
		CF86EE1419787E6B00411520 /* Frameworks */ = {
			isa = PBXFrameworksBuildPhase;
			buildActionMask = 2147483647;
			files = (
				6A6595FF223AA40A0032D811 /* WebKit.framework in Frameworks */,
				6A659600223AA40A0032D811 /* libxml2.2.tbd in Frameworks */,
				C1AE11D5D7FAFF13758B0774 /* libPods-BannerExample.a in Frameworks */,
			);
			runOnlyForDeploymentPostprocessing = 0;
		};
/* End PBXFrameworksBuildPhase section */

/* Begin PBXGroup section */
		9C79DDD81E0A78256B591CFF /* Pods */ = {
			isa = PBXGroup;
			children = (
				28A21002D1CA183CD19BEA6E /* Pods-BannerExample.debug.xcconfig */,
				B3D19C1D56C3FBB8D9582868 /* Pods-BannerExample.release.xcconfig */,
			);
			name = Pods;
			sourceTree = "<group>";
		};
		C7747F12A6FC8CFAA6C4E3C3 /* Frameworks */ = {
			isa = PBXGroup;
			children = (
				6A6595FE223AA40A0032D811 /* libxml2.2.tbd */,
				6A6595FD223AA40A0032D811 /* WebKit.framework */,
				3033AE82C3A4B3603DABB248 /* libPods-BannerExample.a */,
			);
			name = Frameworks;
			sourceTree = "<group>";
		};
		CF86EE0E19787E6B00411520 = {
			isa = PBXGroup;
			children = (
				CF86EE1919787E6B00411520 /* BannerExample */,
				CF86EE1819787E6B00411520 /* Products */,
				9C79DDD81E0A78256B591CFF /* Pods */,
				C7747F12A6FC8CFAA6C4E3C3 /* Frameworks */,
			);
			sourceTree = "<group>";
		};
		CF86EE1819787E6B00411520 /* Products */ = {
			isa = PBXGroup;
			children = (
				CF86EE1719787E6B00411520 /* BannerExample.app */,
			);
			name = Products;
			sourceTree = "<group>";
		};
		CF86EE1919787E6B00411520 /* BannerExample */ = {
			isa = PBXGroup;
			children = (
				6A659601223AA53E0032D811 /* AerServCustomEventBanner.h */,
				6A659609223AA53E0032D811 /* AerServCustomEventBanner.m */,
				6A659605223AA53E0032D811 /* AerServCustomEventInterstitial.h */,
				6A659602223AA53E0032D811 /* AerServCustomEventInterstitial.m */,
				6A65960C223AA53E0032D811 /* AerServCustomEventRewardedInterstitial.h */,
				6A659603223AA53E0032D811 /* AerServCustomEventRewardedInterstitial.m */,
				6A65960A223AA53E0032D811 /* AerServExceptions.h */,
				6A659606223AA53E0032D811 /* AerServExceptions.m */,
				6A659608223AA53E0032D811 /* AerServExtras.h */,
				6A659607223AA53E0032D811 /* AerServExtras.m */,
				6A65960B223AA53E0032D811 /* AerServUtils.h */,
				6A659604223AA53E0032D811 /* AerServUtils.m */,
				CF86EE1E19787E6B00411520 /* AppDelegate.h */,
				CF86EE1F19787E6B00411520 /* AppDelegate.m */,
				CF86EE2119787E6B00411520 /* ViewController.h */,
				CF86EE2219787E6B00411520 /* ViewController.m */,
				CF86EE2419787E6B00411520 /* Main.storyboard */,
				CF86EE2719787E6B00411520 /* Images.xcassets */,
				CF86EE1A19787E6B00411520 /* Supporting Files */,
			);
			path = BannerExample;
			sourceTree = "<group>";
		};
		CF86EE1A19787E6B00411520 /* Supporting Files */ = {
			isa = PBXGroup;
			children = (
				CF86EE1B19787E6B00411520 /* Info.plist */,
				CF86EE1C19787E6B00411520 /* main.m */,
			);
			name = "Supporting Files";
			sourceTree = "<group>";
		};
/* End PBXGroup section */

/* Begin PBXNativeTarget section */
		CF86EE1619787E6B00411520 /* BannerExample */ = {
			isa = PBXNativeTarget;
			buildConfigurationList = CF86EE3719787E6B00411520 /* Build configuration list for PBXNativeTarget "BannerExample" */;
			buildPhases = (
				822473262EAFA1569BCE3A04 /* [CP] Check Pods Manifest.lock */,
				CF86EE1319787E6B00411520 /* Sources */,
				CF86EE1419787E6B00411520 /* Frameworks */,
				CF86EE1519787E6B00411520 /* Resources */,
			);
			buildRules = (
			);
			dependencies = (
			);
			name = BannerExample;
			productName = BannerExample;
			productReference = CF86EE1719787E6B00411520 /* BannerExample.app */;
			productType = "com.apple.product-type.application";
		};
/* End PBXNativeTarget section */

/* Begin PBXProject section */
		CF86EE0F19787E6B00411520 /* Project object */ = {
			isa = PBXProject;
			attributes = {
				LastUpgradeCheck = 0800;
				ORGANIZATIONNAME = Google;
				TargetAttributes = {
					CF86EE1619787E6B00411520 = {
						CreatedOnToolsVersion = 6.0;
						DevelopmentTeam = A3TTJ356BT;
					};
				};
			};
			buildConfigurationList = CF86EE1219787E6B00411520 /* Build configuration list for PBXProject "BannerExample" */;
			compatibilityVersion = "Xcode 3.2";
			developmentRegion = English;
			hasScannedForEncodings = 0;
			knownRegions = (
				en,
				Base,
			);
			mainGroup = CF86EE0E19787E6B00411520;
			productRefGroup = CF86EE1819787E6B00411520 /* Products */;
			projectDirPath = "";
			projectRoot = "";
			targets = (
				CF86EE1619787E6B00411520 /* BannerExample */,
			);
		};
/* End PBXProject section */

/* Begin PBXResourcesBuildPhase section */
		CF86EE1519787E6B00411520 /* Resources */ = {
			isa = PBXResourcesBuildPhase;
			buildActionMask = 2147483647;
			files = (
				CF86EE2619787E6B00411520 /* Main.storyboard in Resources */,
				CF86EE2819787E6B00411520 /* Images.xcassets in Resources */,
			);
			runOnlyForDeploymentPostprocessing = 0;
		};
/* End PBXResourcesBuildPhase section */

/* Begin PBXShellScriptBuildPhase section */
		822473262EAFA1569BCE3A04 /* [CP] Check Pods Manifest.lock */ = {
			isa = PBXShellScriptBuildPhase;
			buildActionMask = 2147483647;
			files = (
			);
			inputPaths = (
				"${PODS_PODFILE_DIR_PATH}/Podfile.lock",
				"${PODS_ROOT}/Manifest.lock",
			);
			name = "[CP] Check Pods Manifest.lock";
			outputPaths = (
				"$(DERIVED_FILE_DIR)/Pods-BannerExample-checkManifestLockResult.txt",
			);
			runOnlyForDeploymentPostprocessing = 0;
			shellPath = /bin/sh;
			shellScript = "diff \"${PODS_PODFILE_DIR_PATH}/Podfile.lock\" \"${PODS_ROOT}/Manifest.lock\" > /dev/null\nif [ $? != 0 ] ; then\n    # print error to STDERR\n    echo \"error: The sandbox is not in sync with the Podfile.lock. Run 'pod install' or update your CocoaPods installation.\" >&2\n    exit 1\nfi\n# This output is used by Xcode 'outputs' to avoid re-running this script phase.\necho \"SUCCESS\" > \"${SCRIPT_OUTPUT_FILE_0}\"\n";
			showEnvVarsInLog = 0;
		};
/* End PBXShellScriptBuildPhase section */

/* Begin PBXSourcesBuildPhase section */
		CF86EE1319787E6B00411520 /* Sources */ = {
			isa = PBXSourcesBuildPhase;
			buildActionMask = 2147483647;
			files = (
				6A65960E223AA53E0032D811 /* AerServCustomEventRewardedInterstitial.m in Sources */,
				6A659611223AA53E0032D811 /* AerServExtras.m in Sources */,
				6A65960D223AA53E0032D811 /* AerServCustomEventInterstitial.m in Sources */,
				CF86EE2319787E6B00411520 /* ViewController.m in Sources */,
				CF86EE2019787E6B00411520 /* AppDelegate.m in Sources */,
				6A65960F223AA53E0032D811 /* AerServUtils.m in Sources */,
				6A659610223AA53E0032D811 /* AerServExceptions.m in Sources */,
				CF86EE1D19787E6B00411520 /* main.m in Sources */,
				6A659612223AA53E0032D811 /* AerServCustomEventBanner.m in Sources */,
			);
			runOnlyForDeploymentPostprocessing = 0;
		};
/* End PBXSourcesBuildPhase section */

/* Begin PBXVariantGroup section */
		CF86EE2419787E6B00411520 /* Main.storyboard */ = {
			isa = PBXVariantGroup;
			children = (
				CF86EE2519787E6B00411520 /* Base */,
			);
			name = Main.storyboard;
			sourceTree = "<group>";
		};
/* End PBXVariantGroup section */

/* Begin XCBuildConfiguration section */
		CF86EE3519787E6B00411520 /* Debug */ = {
			isa = XCBuildConfiguration;
			buildSettings = {
				ALWAYS_SEARCH_USER_PATHS = NO;
				CLANG_CXX_LANGUAGE_STANDARD = "gnu++0x";
				CLANG_CXX_LIBRARY = "libc++";
				CLANG_ENABLE_MODULES = YES;
				CLANG_ENABLE_OBJC_ARC = YES;
				CLANG_WARN_BOOL_CONVERSION = YES;
				CLANG_WARN_CONSTANT_CONVERSION = YES;
				CLANG_WARN_DIRECT_OBJC_ISA_USAGE = YES_ERROR;
				CLANG_WARN_EMPTY_BODY = YES;
				CLANG_WARN_ENUM_CONVERSION = YES;
				CLANG_WARN_INFINITE_RECURSION = YES;
				CLANG_WARN_INT_CONVERSION = YES;
				CLANG_WARN_OBJC_ROOT_CLASS = YES_ERROR;
				CLANG_WARN_SUSPICIOUS_MOVE = YES;
				CLANG_WARN_UNREACHABLE_CODE = YES;
				CLANG_WARN__DUPLICATE_METHOD_MATCH = YES;
				"CODE_SIGN_IDENTITY[sdk=iphoneos*]" = "iPhone Developer";
				COPY_PHASE_STRIP = NO;
				ENABLE_BITCODE = YES;
				ENABLE_STRICT_OBJC_MSGSEND = YES;
				ENABLE_TESTABILITY = YES;
				GCC_C_LANGUAGE_STANDARD = gnu99;
				GCC_DYNAMIC_NO_PIC = NO;
				GCC_NO_COMMON_BLOCKS = YES;
				GCC_OPTIMIZATION_LEVEL = 0;
				GCC_PREPROCESSOR_DEFINITIONS = (
					"DEBUG=1",
					"$(inherited)",
				);
				GCC_SYMBOLS_PRIVATE_EXTERN = NO;
				GCC_WARN_64_TO_32_BIT_CONVERSION = YES;
				GCC_WARN_ABOUT_RETURN_TYPE = YES_ERROR;
				GCC_WARN_UNDECLARED_SELECTOR = YES;
				GCC_WARN_UNINITIALIZED_AUTOS = YES_AGGRESSIVE;
				GCC_WARN_UNUSED_FUNCTION = YES;
				GCC_WARN_UNUSED_VARIABLE = YES;
				IPHONEOS_DEPLOYMENT_TARGET = 8.0;
				MTL_ENABLE_DEBUG_INFO = YES;
				ONLY_ACTIVE_ARCH = YES;
				SDKROOT = iphoneos;
				TARGETED_DEVICE_FAMILY = "1,2";
			};
			name = Debug;
		};
		CF86EE3619787E6B00411520 /* Release */ = {
			isa = XCBuildConfiguration;
			buildSettings = {
				ALWAYS_SEARCH_USER_PATHS = NO;
				CLANG_CXX_LANGUAGE_STANDARD = "gnu++0x";
				CLANG_CXX_LIBRARY = "libc++";
				CLANG_ENABLE_MODULES = YES;
				CLANG_ENABLE_OBJC_ARC = YES;
				CLANG_WARN_BOOL_CONVERSION = YES;
				CLANG_WARN_CONSTANT_CONVERSION = YES;
				CLANG_WARN_DIRECT_OBJC_ISA_USAGE = YES_ERROR;
				CLANG_WARN_EMPTY_BODY = YES;
				CLANG_WARN_ENUM_CONVERSION = YES;
				CLANG_WARN_INFINITE_RECURSION = YES;
				CLANG_WARN_INT_CONVERSION = YES;
				CLANG_WARN_OBJC_ROOT_CLASS = YES_ERROR;
				CLANG_WARN_SUSPICIOUS_MOVE = YES;
				CLANG_WARN_UNREACHABLE_CODE = YES;
				CLANG_WARN__DUPLICATE_METHOD_MATCH = YES;
				"CODE_SIGN_IDENTITY[sdk=iphoneos*]" = "iPhone Developer";
				COPY_PHASE_STRIP = YES;
				ENABLE_BITCODE = YES;
				ENABLE_NS_ASSERTIONS = NO;
				ENABLE_STRICT_OBJC_MSGSEND = YES;
				GCC_C_LANGUAGE_STANDARD = gnu99;
				GCC_NO_COMMON_BLOCKS = YES;
				GCC_WARN_64_TO_32_BIT_CONVERSION = YES;
				GCC_WARN_ABOUT_RETURN_TYPE = YES_ERROR;
				GCC_WARN_UNDECLARED_SELECTOR = YES;
				GCC_WARN_UNINITIALIZED_AUTOS = YES_AGGRESSIVE;
				GCC_WARN_UNUSED_FUNCTION = YES;
				GCC_WARN_UNUSED_VARIABLE = YES;
				IPHONEOS_DEPLOYMENT_TARGET = 8.0;
				MTL_ENABLE_DEBUG_INFO = NO;
				SDKROOT = iphoneos;
				TARGETED_DEVICE_FAMILY = "1,2";
				VALIDATE_PRODUCT = YES;
			};
			name = Release;
		};
		CF86EE3819787E6B00411520 /* Debug */ = {
			isa = XCBuildConfiguration;
			baseConfigurationReference = 28A21002D1CA183CD19BEA6E /* Pods-BannerExample.debug.xcconfig */;
			buildSettings = {
				ASSETCATALOG_COMPILER_APPICON_NAME = AppIcon;
				ASSETCATALOG_COMPILER_LAUNCHIMAGE_NAME = LaunchImage;
				DEVELOPMENT_TEAM = A3TTJ356BT;
				INFOPLIST_FILE = BannerExample/Info.plist;
				IPHONEOS_DEPLOYMENT_TARGET = 8.0;
				LD_RUNPATH_SEARCH_PATHS = "$(inherited) @executable_path/Frameworks";
				PRODUCT_BUNDLE_IDENTIFIER = com.google.example.Banner;
				PRODUCT_NAME = "$(TARGET_NAME)";
			};
			name = Debug;
		};
		CF86EE3919787E6B00411520 /* Release */ = {
			isa = XCBuildConfiguration;
			baseConfigurationReference = B3D19C1D56C3FBB8D9582868 /* Pods-BannerExample.release.xcconfig */;
			buildSettings = {
				ASSETCATALOG_COMPILER_APPICON_NAME = AppIcon;
				ASSETCATALOG_COMPILER_LAUNCHIMAGE_NAME = LaunchImage;
				DEVELOPMENT_TEAM = A3TTJ356BT;
				INFOPLIST_FILE = BannerExample/Info.plist;
				IPHONEOS_DEPLOYMENT_TARGET = 8.0;
				LD_RUNPATH_SEARCH_PATHS = "$(inherited) @executable_path/Frameworks";
				PRODUCT_BUNDLE_IDENTIFIER = com.google.example.Banner;
				PRODUCT_NAME = "$(TARGET_NAME)";
			};
			name = Release;
		};
/* End XCBuildConfiguration section */

/* Begin XCConfigurationList section */
		CF86EE1219787E6B00411520 /* Build configuration list for PBXProject "BannerExample" */ = {
			isa = XCConfigurationList;
			buildConfigurations = (
				CF86EE3519787E6B00411520 /* Debug */,
				CF86EE3619787E6B00411520 /* Release */,
			);
			defaultConfigurationIsVisible = 0;
			defaultConfigurationName = Release;
		};
		CF86EE3719787E6B00411520 /* Build configuration list for PBXNativeTarget "BannerExample" */ = {
			isa = XCConfigurationList;
			buildConfigurations = (
				CF86EE3819787E6B00411520 /* Debug */,
				CF86EE3919787E6B00411520 /* Release */,
			);
			defaultConfigurationIsVisible = 0;
			defaultConfigurationName = Release;
		};
/* End XCConfigurationList section */
	};
	rootObject = CF86EE0F19787E6B00411520 /* Project object */;
}
